// !$*UTF8*$!
{
	archiveVersion = 1;
	classes = {
	};
	objectVersion = 46;
	objects = {

/* Begin PBXAggregateTarget section */
		5CC504C71B0EFCBA004D0CB1 /* UniversalFramework */ = {
			isa = PBXAggregateTarget;
			buildConfigurationList = 5CC504CA1B0EFCBA004D0CB1 /* Build configuration list for PBXAggregateTarget "UniversalFramework" */;
			buildPhases = (
				5CC504CB1B0EFCC0004D0CB1 /* ShellScript */,
			);
			dependencies = (
			);
			name = UniversalFramework;
			productName = UniversalFramework;
		};
/* End PBXAggregateTarget section */

/* Begin PBXBuildFile section */
		5CC504CD1B0EFE88004D0CB1 /* AVOSCloud.framework in Frameworks */ = {isa = PBXBuildFile; fileRef = 5CC504CC1B0EFE88004D0CB1 /* AVOSCloud.framework */; };
		5CC504CF1B0EFEA6004D0CB1 /* libicucore.dylib in Frameworks */ = {isa = PBXBuildFile; fileRef = 5CC504CE1B0EFEA6004D0CB1 /* libicucore.dylib */; };
		5CC504D11B0EFEAC004D0CB1 /* CoreLocation.framework in Frameworks */ = {isa = PBXBuildFile; fileRef = 5CC504D01B0EFEAC004D0CB1 /* CoreLocation.framework */; };
		5CC504D31B0EFEB4004D0CB1 /* CoreTelephony.framework in Frameworks */ = {isa = PBXBuildFile; fileRef = 5CC504D21B0EFEB4004D0CB1 /* CoreTelephony.framework */; };
		5CC504D51B0EFEBB004D0CB1 /* SystemConfiguration.framework in Frameworks */ = {isa = PBXBuildFile; fileRef = 5CC504D41B0EFEBB004D0CB1 /* SystemConfiguration.framework */; };
		5CC504D71B0EFEDA004D0CB1 /* MobileCoreServices.framework in Frameworks */ = {isa = PBXBuildFile; fileRef = 5CC504D61B0EFEDA004D0CB1 /* MobileCoreServices.framework */; };
		5CCAE1011B09B0FE009276B9 /* LeanCloudFeedback.h in Headers */ = {isa = PBXBuildFile; fileRef = 5CCAE1001B09B0FE009276B9 /* LeanCloudFeedback.h */; settings = {ATTRIBUTES = (Public, ); }; };
		5CCAE1071B09B0FE009276B9 /* LeanCloudFeedback.framework in Frameworks */ = {isa = PBXBuildFile; fileRef = 5CCAE0FB1B09B0FE009276B9 /* LeanCloudFeedback.framework */; };
		5CCAE10E1B09B0FE009276B9 /* LeanCloudFeedbackTests.m in Sources */ = {isa = PBXBuildFile; fileRef = 5CCAE10D1B09B0FE009276B9 /* LeanCloudFeedbackTests.m */; };
		5CCAE1241B09B323009276B9 /* LCUserFeedbackAgent.m in Sources */ = {isa = PBXBuildFile; fileRef = 5CCAE1171B09B323009276B9 /* LCUserFeedbackAgent.m */; };
		5CCAE1251B09B323009276B9 /* LCUserFeedbackThread.m in Sources */ = {isa = PBXBuildFile; fileRef = 5CCAE1181B09B323009276B9 /* LCUserFeedbackThread.m */; };
		5CCAE1261B09B323009276B9 /* LCUserFeedbackViewController.m in Sources */ = {isa = PBXBuildFile; fileRef = 5CCAE1191B09B323009276B9 /* LCUserFeedbackViewController.m */; };
		5CCAE1271B09B323009276B9 /* LCUserFeedbackThread_Internal.h in Headers */ = {isa = PBXBuildFile; fileRef = 5CCAE11A1B09B323009276B9 /* LCUserFeedbackThread_Internal.h */; };
		5CCAE1281B09B323009276B9 /* LCUserFeedbackThread.h in Headers */ = {isa = PBXBuildFile; fileRef = 5CCAE11B1B09B323009276B9 /* LCUserFeedbackThread.h */; settings = {ATTRIBUTES = (Public, ); }; };
		5CCAE1291B09B323009276B9 /* LCUserFeedbackAgent.h in Headers */ = {isa = PBXBuildFile; fileRef = 5CCAE11C1B09B323009276B9 /* LCUserFeedbackAgent.h */; settings = {ATTRIBUTES = (Public, ); }; };
		5CCAE12A1B09B323009276B9 /* LCUserFeedbackReplyCell.h in Headers */ = {isa = PBXBuildFile; fileRef = 5CCAE11D1B09B323009276B9 /* LCUserFeedbackReplyCell.h */; };
		5CCAE12B1B09B323009276B9 /* LCUserFeedbackReplyCell.m in Sources */ = {isa = PBXBuildFile; fileRef = 5CCAE11E1B09B323009276B9 /* LCUserFeedbackReplyCell.m */; };
		5CCAE12E1B09B323009276B9 /* LCUserFeedbackReply.h in Headers */ = {isa = PBXBuildFile; fileRef = 5CCAE1211B09B323009276B9 /* LCUserFeedbackReply.h */; settings = {ATTRIBUTES = (Public, ); }; };
		5CCAE12F1B09B323009276B9 /* LCUserFeedbackReply.m in Sources */ = {isa = PBXBuildFile; fileRef = 5CCAE1221B09B323009276B9 /* LCUserFeedbackReply.m */; };
		5CCAE1301B09B323009276B9 /* LCUserFeedbackViewController.h in Headers */ = {isa = PBXBuildFile; fileRef = 5CCAE1231B09B323009276B9 /* LCUserFeedbackViewController.h */; settings = {ATTRIBUTES = (Public, ); }; };
		5CCAE1351B09C1F2009276B9 /* LCHttpClient.m in Sources */ = {isa = PBXBuildFile; fileRef = 5CCAE1311B09C1F2009276B9 /* LCHttpClient.m */; };
		5CCAE1361B09C1F2009276B9 /* LCHttpClient.h in Headers */ = {isa = PBXBuildFile; fileRef = 5CCAE1321B09C1F2009276B9 /* LCHttpClient.h */; };
		5CCAE1371B09C1F2009276B9 /* LCUtils.m in Sources */ = {isa = PBXBuildFile; fileRef = 5CCAE1331B09C1F2009276B9 /* LCUtils.m */; };
		5CCAE1381B09C1F2009276B9 /* LCUtils.h in Headers */ = {isa = PBXBuildFile; fileRef = 5CCAE1341B09C1F2009276B9 /* LCUtils.h */; };
		7073528B1B4A90D5005466CE /* back@2x.png in Resources */ = {isa = PBXBuildFile; fileRef = 707352851B4A90D5005466CE /* back@2x.png */; };
		7073528C1B4A90D5005466CE /* bg_1@2x.png in Resources */ = {isa = PBXBuildFile; fileRef = 707352861B4A90D5005466CE /* bg_1@2x.png */; };
		7073528D1B4A90D5005466CE /* bg_2@2x.png in Resources */ = {isa = PBXBuildFile; fileRef = 707352871B4A90D5005466CE /* bg_2@2x.png */; };
		7073528E1B4A90D5005466CE /* btn_feedback@2x.png in Resources */ = {isa = PBXBuildFile; fileRef = 707352881B4A90D5005466CE /* btn_feedback@2x.png */; };
		7073528F1B4A90D5005466CE /* btn_feedback_new@2x.png in Resources */ = {isa = PBXBuildFile; fileRef = 707352891B4A90D5005466CE /* btn_feedback_new@2x.png */; };
		707352901B4A90D5005466CE /* warning@2x.png in Resources */ = {isa = PBXBuildFile; fileRef = 7073528A1B4A90D5005466CE /* warning@2x.png */; };
		70FB0B201B5E66A400FD8D70 /* feedback_add_image@2x.png in Resources */ = {isa = PBXBuildFile; fileRef = 70FB0B1F1B5E66A400FD8D70 /* feedback_add_image@2x.png */; };
		70FB0B271B5E76D500FD8D70 /* LCUserFeedbackImageViewController.h in Headers */ = {isa = PBXBuildFile; fileRef = 70FB0B251B5E76D500FD8D70 /* LCUserFeedbackImageViewController.h */; };
		70FB0B281B5E76D500FD8D70 /* LCUserFeedbackImageViewController.m in Sources */ = {isa = PBXBuildFile; fileRef = 70FB0B261B5E76D500FD8D70 /* LCUserFeedbackImageViewController.m */; };
/* End PBXBuildFile section */

/* Begin PBXContainerItemProxy section */
		5CCAE1081B09B0FE009276B9 /* PBXContainerItemProxy */ = {
			isa = PBXContainerItemProxy;
			containerPortal = 5CCAE0F21B09B0FE009276B9 /* Project object */;
			proxyType = 1;
			remoteGlobalIDString = 5CCAE0FA1B09B0FE009276B9;
			remoteInfo = LeanCloudFeedback;
		};
/* End PBXContainerItemProxy section */

/* Begin PBXFileReference section */
		5CC504CC1B0EFE88004D0CB1 /* AVOSCloud.framework */ = {isa = PBXFileReference; lastKnownFileType = wrapper.framework; path = AVOSCloud.framework; sourceTree = "<group>"; };
		5CC504CE1B0EFEA6004D0CB1 /* libicucore.dylib */ = {isa = PBXFileReference; lastKnownFileType = "compiled.mach-o.dylib"; name = libicucore.dylib; path = usr/lib/libicucore.dylib; sourceTree = SDKROOT; };
		5CC504D01B0EFEAC004D0CB1 /* CoreLocation.framework */ = {isa = PBXFileReference; lastKnownFileType = wrapper.framework; name = CoreLocation.framework; path = System/Library/Frameworks/CoreLocation.framework; sourceTree = SDKROOT; };
		5CC504D21B0EFEB4004D0CB1 /* CoreTelephony.framework */ = {isa = PBXFileReference; lastKnownFileType = wrapper.framework; name = CoreTelephony.framework; path = System/Library/Frameworks/CoreTelephony.framework; sourceTree = SDKROOT; };
		5CC504D41B0EFEBB004D0CB1 /* SystemConfiguration.framework */ = {isa = PBXFileReference; lastKnownFileType = wrapper.framework; name = SystemConfiguration.framework; path = System/Library/Frameworks/SystemConfiguration.framework; sourceTree = SDKROOT; };
		5CC504D61B0EFEDA004D0CB1 /* MobileCoreServices.framework */ = {isa = PBXFileReference; lastKnownFileType = wrapper.framework; name = MobileCoreServices.framework; path = System/Library/Frameworks/MobileCoreServices.framework; sourceTree = SDKROOT; };
		5CCAE0FB1B09B0FE009276B9 /* LeanCloudFeedback.framework */ = {isa = PBXFileReference; explicitFileType = wrapper.framework; includeInIndex = 0; path = LeanCloudFeedback.framework; sourceTree = BUILT_PRODUCTS_DIR; };
		5CCAE0FF1B09B0FE009276B9 /* Info.plist */ = {isa = PBXFileReference; lastKnownFileType = text.plist.xml; path = Info.plist; sourceTree = "<group>"; };
		5CCAE1001B09B0FE009276B9 /* LeanCloudFeedback.h */ = {isa = PBXFileReference; lastKnownFileType = sourcecode.c.h; path = LeanCloudFeedback.h; sourceTree = "<group>"; };
		5CCAE1061B09B0FE009276B9 /* LeanCloudFeedbackTests.xctest */ = {isa = PBXFileReference; explicitFileType = wrapper.cfbundle; includeInIndex = 0; path = LeanCloudFeedbackTests.xctest; sourceTree = BUILT_PRODUCTS_DIR; };
		5CCAE10C1B09B0FE009276B9 /* Info.plist */ = {isa = PBXFileReference; lastKnownFileType = text.plist.xml; path = Info.plist; sourceTree = "<group>"; };
		5CCAE10D1B09B0FE009276B9 /* LeanCloudFeedbackTests.m */ = {isa = PBXFileReference; lastKnownFileType = sourcecode.c.objc; path = LeanCloudFeedbackTests.m; sourceTree = "<group>"; };
		5CCAE1171B09B323009276B9 /* LCUserFeedbackAgent.m */ = {isa = PBXFileReference; fileEncoding = 4; lastKnownFileType = sourcecode.c.objc; path = LCUserFeedbackAgent.m; sourceTree = "<group>"; };
		5CCAE1181B09B323009276B9 /* LCUserFeedbackThread.m */ = {isa = PBXFileReference; fileEncoding = 4; lastKnownFileType = sourcecode.c.objc; path = LCUserFeedbackThread.m; sourceTree = "<group>"; };
		5CCAE1191B09B323009276B9 /* LCUserFeedbackViewController.m */ = {isa = PBXFileReference; fileEncoding = 4; lastKnownFileType = sourcecode.c.objc; path = LCUserFeedbackViewController.m; sourceTree = "<group>"; };
		5CCAE11A1B09B323009276B9 /* LCUserFeedbackThread_Internal.h */ = {isa = PBXFileReference; fileEncoding = 4; lastKnownFileType = sourcecode.c.h; path = LCUserFeedbackThread_Internal.h; sourceTree = "<group>"; };
		5CCAE11B1B09B323009276B9 /* LCUserFeedbackThread.h */ = {isa = PBXFileReference; fileEncoding = 4; lastKnownFileType = sourcecode.c.h; path = LCUserFeedbackThread.h; sourceTree = "<group>"; };
		5CCAE11C1B09B323009276B9 /* LCUserFeedbackAgent.h */ = {isa = PBXFileReference; fileEncoding = 4; lastKnownFileType = sourcecode.c.h; path = LCUserFeedbackAgent.h; sourceTree = "<group>"; };
		5CCAE11D1B09B323009276B9 /* LCUserFeedbackReplyCell.h */ = {isa = PBXFileReference; fileEncoding = 4; lastKnownFileType = sourcecode.c.h; path = LCUserFeedbackReplyCell.h; sourceTree = "<group>"; };
		5CCAE11E1B09B323009276B9 /* LCUserFeedbackReplyCell.m */ = {isa = PBXFileReference; fileEncoding = 4; lastKnownFileType = sourcecode.c.objc; path = LCUserFeedbackReplyCell.m; sourceTree = "<group>"; };
		5CCAE1211B09B323009276B9 /* LCUserFeedbackReply.h */ = {isa = PBXFileReference; fileEncoding = 4; lastKnownFileType = sourcecode.c.h; path = LCUserFeedbackReply.h; sourceTree = "<group>"; };
		5CCAE1221B09B323009276B9 /* LCUserFeedbackReply.m */ = {isa = PBXFileReference; fileEncoding = 4; lastKnownFileType = sourcecode.c.objc; path = LCUserFeedbackReply.m; sourceTree = "<group>"; };
		5CCAE1231B09B323009276B9 /* LCUserFeedbackViewController.h */ = {isa = PBXFileReference; fileEncoding = 4; lastKnownFileType = sourcecode.c.h; path = LCUserFeedbackViewController.h; sourceTree = "<group>"; };
		5CCAE1311B09C1F2009276B9 /* LCHttpClient.m */ = {isa = PBXFileReference; fileEncoding = 4; lastKnownFileType = sourcecode.c.objc; path = LCHttpClient.m; sourceTree = "<group>"; };
		5CCAE1321B09C1F2009276B9 /* LCHttpClient.h */ = {isa = PBXFileReference; fileEncoding = 4; lastKnownFileType = sourcecode.c.h; path = LCHttpClient.h; sourceTree = "<group>"; };
		5CCAE1331B09C1F2009276B9 /* LCUtils.m */ = {isa = PBXFileReference; fileEncoding = 4; lastKnownFileType = sourcecode.c.objc; path = LCUtils.m; sourceTree = "<group>"; };
		5CCAE1341B09C1F2009276B9 /* LCUtils.h */ = {isa = PBXFileReference; fileEncoding = 4; lastKnownFileType = sourcecode.c.h; path = LCUtils.h; sourceTree = "<group>"; };
		707352851B4A90D5005466CE /* back@2x.png */ = {isa = PBXFileReference; lastKnownFileType = image.png; path = "back@2x.png"; sourceTree = "<group>"; };
		707352861B4A90D5005466CE /* bg_1@2x.png */ = {isa = PBXFileReference; lastKnownFileType = image.png; path = "bg_1@2x.png"; sourceTree = "<group>"; };
		707352871B4A90D5005466CE /* bg_2@2x.png */ = {isa = PBXFileReference; lastKnownFileType = image.png; path = "bg_2@2x.png"; sourceTree = "<group>"; };
		707352881B4A90D5005466CE /* btn_feedback@2x.png */ = {isa = PBXFileReference; lastKnownFileType = image.png; path = "btn_feedback@2x.png"; sourceTree = "<group>"; };
		707352891B4A90D5005466CE /* btn_feedback_new@2x.png */ = {isa = PBXFileReference; lastKnownFileType = image.png; path = "btn_feedback_new@2x.png"; sourceTree = "<group>"; };
		7073528A1B4A90D5005466CE /* warning@2x.png */ = {isa = PBXFileReference; lastKnownFileType = image.png; path = "warning@2x.png"; sourceTree = "<group>"; };
		70FB0B1E1B5E0E4F00FD8D70 /* LCUserFeedbackReply_Internal.h */ = {isa = PBXFileReference; lastKnownFileType = sourcecode.c.h; path = LCUserFeedbackReply_Internal.h; sourceTree = "<group>"; };
		70FB0B1F1B5E66A400FD8D70 /* feedback_add_image@2x.png */ = {isa = PBXFileReference; lastKnownFileType = image.png; path = "feedback_add_image@2x.png"; sourceTree = "<group>"; };
		70FB0B251B5E76D500FD8D70 /* LCUserFeedbackImageViewController.h */ = {isa = PBXFileReference; fileEncoding = 4; lastKnownFileType = sourcecode.c.h; path = LCUserFeedbackImageViewController.h; sourceTree = "<group>"; };
		70FB0B261B5E76D500FD8D70 /* LCUserFeedbackImageViewController.m */ = {isa = PBXFileReference; fileEncoding = 4; lastKnownFileType = sourcecode.c.objc; path = LCUserFeedbackImageViewController.m; sourceTree = "<group>"; };
/* End PBXFileReference section */

/* Begin PBXFrameworksBuildPhase section */
		5CCAE0F71B09B0FE009276B9 /* Frameworks */ = {
			isa = PBXFrameworksBuildPhase;
			buildActionMask = 2147483647;
			files = (
				5CC504D71B0EFEDA004D0CB1 /* MobileCoreServices.framework in Frameworks */,
				5CC504D51B0EFEBB004D0CB1 /* SystemConfiguration.framework in Frameworks */,
				5CC504D31B0EFEB4004D0CB1 /* CoreTelephony.framework in Frameworks */,
				5CC504D11B0EFEAC004D0CB1 /* CoreLocation.framework in Frameworks */,
				5CC504CF1B0EFEA6004D0CB1 /* libicucore.dylib in Frameworks */,
				5CC504CD1B0EFE88004D0CB1 /* AVOSCloud.framework in Frameworks */,
			);
			runOnlyForDeploymentPostprocessing = 0;
		};
		5CCAE1031B09B0FE009276B9 /* Frameworks */ = {
			isa = PBXFrameworksBuildPhase;
			buildActionMask = 2147483647;
			files = (
				5CCAE1071B09B0FE009276B9 /* LeanCloudFeedback.framework in Frameworks */,
			);
			runOnlyForDeploymentPostprocessing = 0;
		};
/* End PBXFrameworksBuildPhase section */

/* Begin PBXGroup section */
		56A155F7F6474AB06BF1EFA0 /* Frameworks */ = {
			isa = PBXGroup;
			children = (
				5CC504D61B0EFEDA004D0CB1 /* MobileCoreServices.framework */,
				5CC504D41B0EFEBB004D0CB1 /* SystemConfiguration.framework */,
				5CC504D21B0EFEB4004D0CB1 /* CoreTelephony.framework */,
				5CC504D01B0EFEAC004D0CB1 /* CoreLocation.framework */,
				5CC504CE1B0EFEA6004D0CB1 /* libicucore.dylib */,
				5CC504CC1B0EFE88004D0CB1 /* AVOSCloud.framework */,
			);
			name = Frameworks;
			sourceTree = "<group>";
		};
		5CCAE0F11B09B0FE009276B9 = {
			isa = PBXGroup;
			children = (
				5CCAE0FD1B09B0FE009276B9 /* LeanCloudFeedback */,
				5CCAE10A1B09B0FE009276B9 /* LeanCloudFeedbackTests */,
				5CCAE0FC1B09B0FE009276B9 /* Products */,
				56A155F7F6474AB06BF1EFA0 /* Frameworks */,
			);
			sourceTree = "<group>";
		};
		5CCAE0FC1B09B0FE009276B9 /* Products */ = {
			isa = PBXGroup;
			children = (
				5CCAE0FB1B09B0FE009276B9 /* LeanCloudFeedback.framework */,
				5CCAE1061B09B0FE009276B9 /* LeanCloudFeedbackTests.xctest */,
			);
			name = Products;
			sourceTree = "<group>";
		};
		5CCAE0FD1B09B0FE009276B9 /* LeanCloudFeedback */ = {
			isa = PBXGroup;
			children = (
				707352841B4A90D5005466CE /* resources */,
				5CCAE1321B09C1F2009276B9 /* LCHttpClient.h */,
				5CCAE1311B09C1F2009276B9 /* LCHttpClient.m */,
				5CCAE1341B09C1F2009276B9 /* LCUtils.h */,
				5CCAE1331B09C1F2009276B9 /* LCUtils.m */,
				5CCAE1001B09B0FE009276B9 /* LeanCloudFeedback.h */,
				5CCAE11C1B09B323009276B9 /* LCUserFeedbackAgent.h */,
				5CCAE1171B09B323009276B9 /* LCUserFeedbackAgent.m */,
				5CCAE11B1B09B323009276B9 /* LCUserFeedbackThread.h */,
				5CCAE11A1B09B323009276B9 /* LCUserFeedbackThread_Internal.h */,
				5CCAE1181B09B323009276B9 /* LCUserFeedbackThread.m */,
				5CCAE1211B09B323009276B9 /* LCUserFeedbackReply.h */,
				70FB0B1E1B5E0E4F00FD8D70 /* LCUserFeedbackReply_Internal.h */,
				5CCAE1221B09B323009276B9 /* LCUserFeedbackReply.m */,
				5CCAE11D1B09B323009276B9 /* LCUserFeedbackReplyCell.h */,
				5CCAE11E1B09B323009276B9 /* LCUserFeedbackReplyCell.m */,
				5CCAE1231B09B323009276B9 /* LCUserFeedbackViewController.h */,
				5CCAE1191B09B323009276B9 /* LCUserFeedbackViewController.m */,
				70FB0B251B5E76D500FD8D70 /* LCUserFeedbackImageViewController.h */,
				70FB0B261B5E76D500FD8D70 /* LCUserFeedbackImageViewController.m */,
				5CCAE0FE1B09B0FE009276B9 /* Supporting Files */,
			);
			path = LeanCloudFeedback;
			sourceTree = "<group>";
		};
		5CCAE0FE1B09B0FE009276B9 /* Supporting Files */ = {
			isa = PBXGroup;
			children = (
				5CCAE0FF1B09B0FE009276B9 /* Info.plist */,
			);
			name = "Supporting Files";
			sourceTree = "<group>";
		};
		5CCAE10A1B09B0FE009276B9 /* LeanCloudFeedbackTests */ = {
			isa = PBXGroup;
			children = (
				5CCAE10D1B09B0FE009276B9 /* LeanCloudFeedbackTests.m */,
				5CCAE10B1B09B0FE009276B9 /* Supporting Files */,
			);
			path = LeanCloudFeedbackTests;
			sourceTree = "<group>";
		};
		5CCAE10B1B09B0FE009276B9 /* Supporting Files */ = {
			isa = PBXGroup;
			children = (
				5CCAE10C1B09B0FE009276B9 /* Info.plist */,
			);
			name = "Supporting Files";
			sourceTree = "<group>";
		};
		707352841B4A90D5005466CE /* resources */ = {
			isa = PBXGroup;
			children = (
				70FB0B1F1B5E66A400FD8D70 /* feedback_add_image@2x.png */,
				707352851B4A90D5005466CE /* back@2x.png */,
				707352861B4A90D5005466CE /* bg_1@2x.png */,
				707352871B4A90D5005466CE /* bg_2@2x.png */,
				707352881B4A90D5005466CE /* btn_feedback@2x.png */,
				707352891B4A90D5005466CE /* btn_feedback_new@2x.png */,
				7073528A1B4A90D5005466CE /* warning@2x.png */,
			);
			path = resources;
			sourceTree = "<group>";
		};
/* End PBXGroup section */

/* Begin PBXHeadersBuildPhase section */
		5CCAE0F81B09B0FE009276B9 /* Headers */ = {
			isa = PBXHeadersBuildPhase;
			buildActionMask = 2147483647;
			files = (
				5CCAE1291B09B323009276B9 /* LCUserFeedbackAgent.h in Headers */,
				5CCAE1281B09B323009276B9 /* LCUserFeedbackThread.h in Headers */,
				5CCAE12E1B09B323009276B9 /* LCUserFeedbackReply.h in Headers */,
				5CCAE1361B09C1F2009276B9 /* LCHttpClient.h in Headers */,
				5CCAE1301B09B323009276B9 /* LCUserFeedbackViewController.h in Headers */,
				70FB0B271B5E76D500FD8D70 /* LCUserFeedbackImageViewController.h in Headers */,
				5CCAE1381B09C1F2009276B9 /* LCUtils.h in Headers */,
				5CCAE1271B09B323009276B9 /* LCUserFeedbackThread_Internal.h in Headers */,
				5CCAE1011B09B0FE009276B9 /* LeanCloudFeedback.h in Headers */,
				5CCAE12A1B09B323009276B9 /* LCUserFeedbackReplyCell.h in Headers */,
			);
			runOnlyForDeploymentPostprocessing = 0;
		};
/* End PBXHeadersBuildPhase section */

/* Begin PBXNativeTarget section */
		5CCAE0FA1B09B0FE009276B9 /* LeanCloudFeedback */ = {
			isa = PBXNativeTarget;
			buildConfigurationList = 5CCAE1111B09B0FE009276B9 /* Build configuration list for PBXNativeTarget "LeanCloudFeedback" */;
			buildPhases = (
				5CCAE0F61B09B0FE009276B9 /* Sources */,
				5CCAE0F71B09B0FE009276B9 /* Frameworks */,
				5CCAE0F81B09B0FE009276B9 /* Headers */,
				5CCAE0F91B09B0FE009276B9 /* Resources */,
			);
			buildRules = (
			);
			dependencies = (
			);
			name = LeanCloudFeedback;
			productName = LeanCloudFeedback;
			productReference = 5CCAE0FB1B09B0FE009276B9 /* LeanCloudFeedback.framework */;
			productType = "com.apple.product-type.framework";
		};
		5CCAE1051B09B0FE009276B9 /* LeanCloudFeedbackTests */ = {
			isa = PBXNativeTarget;
			buildConfigurationList = 5CCAE1141B09B0FE009276B9 /* Build configuration list for PBXNativeTarget "LeanCloudFeedbackTests" */;
			buildPhases = (
				5CCAE1021B09B0FE009276B9 /* Sources */,
				5CCAE1031B09B0FE009276B9 /* Frameworks */,
				5CCAE1041B09B0FE009276B9 /* Resources */,
			);
			buildRules = (
			);
			dependencies = (
				5CCAE1091B09B0FE009276B9 /* PBXTargetDependency */,
			);
			name = LeanCloudFeedbackTests;
			productName = LeanCloudFeedbackTests;
			productReference = 5CCAE1061B09B0FE009276B9 /* LeanCloudFeedbackTests.xctest */;
			productType = "com.apple.product-type.bundle.unit-test";
		};
/* End PBXNativeTarget section */

/* Begin PBXProject section */
		5CCAE0F21B09B0FE009276B9 /* Project object */ = {
			isa = PBXProject;
			attributes = {
				LastUpgradeCheck = 0630;
				ORGANIZATIONNAME = LeanCloud;
				TargetAttributes = {
					5CC504C71B0EFCBA004D0CB1 = {
						CreatedOnToolsVersion = 6.3.2;
					};
					5CCAE0FA1B09B0FE009276B9 = {
						CreatedOnToolsVersion = 6.3.1;
					};
					5CCAE1051B09B0FE009276B9 = {
						CreatedOnToolsVersion = 6.3.1;
					};
				};
			};
			buildConfigurationList = 5CCAE0F51B09B0FE009276B9 /* Build configuration list for PBXProject "LeanCloudFeedback" */;
			compatibilityVersion = "Xcode 3.2";
			developmentRegion = English;
			hasScannedForEncodings = 0;
			knownRegions = (
				en,
			);
			mainGroup = 5CCAE0F11B09B0FE009276B9;
			productRefGroup = 5CCAE0FC1B09B0FE009276B9 /* Products */;
			projectDirPath = "";
			projectRoot = "";
			targets = (
				5CCAE0FA1B09B0FE009276B9 /* LeanCloudFeedback */,
				5CCAE1051B09B0FE009276B9 /* LeanCloudFeedbackTests */,
				5CC504C71B0EFCBA004D0CB1 /* UniversalFramework */,
			);
		};
/* End PBXProject section */

/* Begin PBXResourcesBuildPhase section */
		5CCAE0F91B09B0FE009276B9 /* Resources */ = {
			isa = PBXResourcesBuildPhase;
			buildActionMask = 2147483647;
			files = (
				70FB0B201B5E66A400FD8D70 /* feedback_add_image@2x.png in Resources */,
				7073528E1B4A90D5005466CE /* btn_feedback@2x.png in Resources */,
				707352901B4A90D5005466CE /* warning@2x.png in Resources */,
				7073528B1B4A90D5005466CE /* back@2x.png in Resources */,
				7073528F1B4A90D5005466CE /* btn_feedback_new@2x.png in Resources */,
				7073528C1B4A90D5005466CE /* bg_1@2x.png in Resources */,
				7073528D1B4A90D5005466CE /* bg_2@2x.png in Resources */,
			);
			runOnlyForDeploymentPostprocessing = 0;
		};
		5CCAE1041B09B0FE009276B9 /* Resources */ = {
			isa = PBXResourcesBuildPhase;
			buildActionMask = 2147483647;
			files = (
			);
			runOnlyForDeploymentPostprocessing = 0;
		};
/* End PBXResourcesBuildPhase section */

/* Begin PBXShellScriptBuildPhase section */
		5CC504CB1B0EFCC0004D0CB1 /* ShellScript */ = {
			isa = PBXShellScriptBuildPhase;
			buildActionMask = 2147483647;
			files = (
			);
			inputPaths = (
			);
			outputPaths = (
			);
			runOnlyForDeploymentPostprocessing = 0;
			shellPath = /bin/sh;
			shellScript = "# This script is based on Jacob Van Order's answer on apple dev forums\n\n# https://devforums.apple.com/message/971277\n# See also http://spin.atomicobject.com/2011/12/13/building-a-universal-framework-for-ios/ for the start\n\n\n# To get this to work with a Xcode 6 Cocoa Touch Framework, create Framework\n# Then create a new Aggregate Target. Throw this script into a Build Script Phrase on the Aggregate\n\n\n######################\n# Options\n######################\n\nREVEAL_ARCHIVE_IN_FINDER=true\n\nFRAMEWORK_NAME=\"${PROJECT_NAME}\"\n\nSIMULATOR_LIBRARY_PATH=\"${BUILD_DIR}/${CONFIGURATION}-iphonesimulator/${FRAMEWORK_NAME}.framework\"\n\nDEVICE_LIBRARY_PATH=\"${BUILD_DIR}/${CONFIGURATION}-iphoneos/${FRAMEWORK_NAME}.framework\"\n\nUNIVERSAL_LIBRARY_DIR=\"./build/${CONFIGURATION}-iphoneuniversal\"\n\nFRAMEWORK=\"${UNIVERSAL_LIBRARY_DIR}/${FRAMEWORK_NAME}.framework\"\n\n\n######################\n# Build Frameworks\n######################\n\nxcodebuild -project ${PROJECT_NAME}.xcodeproj -sdk iphonesimulator -target ${PROJECT_NAME} -configuration ${CONFIGURATION} clean build CONFIGURATION_BUILD_DIR=${BUILD_DIR}/${CONFIGURATION}-iphonesimulator | echo\n\nxcodebuild -project ${PROJECT_NAME}.xcodeproj -sdk iphoneos -target ${PROJECT_NAME} -configuration ${CONFIGURATION} clean build CONFIGURATION_BUILD_DIR=${BUILD_DIR}/${CONFIGURATION}-iphoneos | echo\n\n#xcodebuild -target ${PROJECT_NAME} ONLY_ACTIVE_ARCH=NO -configuration ${CONFIGURATION} -sdk iphoneos  BUILD_DIR=\"${BUILD_DIR}\" BUILD_ROOT=\"${BUILD_ROOT}\" | echo\n\n#xcodebuild -target ${PROJECT_NAME} ONLY_ACTIVE_ARCH=NO -configuration ${CONFIGURATION} -sdk iphonesimulator  BUILD_DIR=\"${BUILD_DIR}\" BUILD_ROOT=\"${BUILD_ROOT}\" | echo\n\n\n######################\n# Create directory for universal\n######################\n\nrm -rf \"${UNIVERSAL_LIBRARY_DIR}\"\n\nmkdir \"${UNIVERSAL_LIBRARY_DIR}\"\n\nmkdir \"${FRAMEWORK}\"\n\n\n######################\n# Copy files Framework\n######################\n\ncp -r \"${DEVICE_LIBRARY_PATH}/.\" \"${FRAMEWORK}\"\n\n\n######################\n# Make fat universal binary\n######################\n\nlipo \"${SIMULATOR_LIBRARY_PATH}/${FRAMEWORK_NAME}\" \"${DEVICE_LIBRARY_PATH}/${FRAMEWORK_NAME}\" -create -output \"${FRAMEWORK}/${FRAMEWORK_NAME}\" | echo\n\nchmod -x \"${FRAMEWORK}/${FRAMEWORK_NAME}\"\n\nopen \"${UNIVERSAL_LIBRARY_DIR}/\"\n######################\n# On Release, copy the result to desktop folder\n######################\n\n#if [ \"${CONFIGURATION}\" == \"Release\" ]; then\n#mkdir \"${HOME}/Desktop/${FRAMEWORK_NAME}-${CONFIGURATION}-iphoneuniversal/\"\n#cp -r \"${FRAMEWORK}\" \"${HOME}/Desktop/${FRAMEWORK_NAME}-${CONFIGURATION}-iphoneuniversal/\"\n#fi\n\n\n######################\n# If needed, open the Framework folder\n######################\n\n#if [ ${REVEAL_ARCHIVE_IN_FINDER} = true ]; then\n#if [ \"${CONFIGURATION}\" == \"Release\" ]; then\n#open \"${HOME}/Desktop/${FRAMEWORK_NAME}-${CONFIGURATION}-iphoneuniversal/\"\n#else\n#open \"${UNIVERSAL_LIBRARY_DIR}/\"\n#fi\n#fi";
		};
/* End PBXShellScriptBuildPhase section */

/* Begin PBXSourcesBuildPhase section */
		5CCAE0F61B09B0FE009276B9 /* Sources */ = {
			isa = PBXSourcesBuildPhase;
			buildActionMask = 2147483647;
			files = (
				5CCAE12F1B09B323009276B9 /* LCUserFeedbackReply.m in Sources */,
				5CCAE1251B09B323009276B9 /* LCUserFeedbackThread.m in Sources */,
				5CCAE12B1B09B323009276B9 /* LCUserFeedbackReplyCell.m in Sources */,
				70FB0B281B5E76D500FD8D70 /* LCUserFeedbackImageViewController.m in Sources */,
				5CCAE1261B09B323009276B9 /* LCUserFeedbackViewController.m in Sources */,
				5CCAE1371B09C1F2009276B9 /* LCUtils.m in Sources */,
				5CCAE1241B09B323009276B9 /* LCUserFeedbackAgent.m in Sources */,
				5CCAE1351B09C1F2009276B9 /* LCHttpClient.m in Sources */,
			);
			runOnlyForDeploymentPostprocessing = 0;
		};
		5CCAE1021B09B0FE009276B9 /* Sources */ = {
			isa = PBXSourcesBuildPhase;
			buildActionMask = 2147483647;
			files = (
				5CCAE10E1B09B0FE009276B9 /* LeanCloudFeedbackTests.m in Sources */,
			);
			runOnlyForDeploymentPostprocessing = 0;
		};
/* End PBXSourcesBuildPhase section */

/* Begin PBXTargetDependency section */
		5CCAE1091B09B0FE009276B9 /* PBXTargetDependency */ = {
			isa = PBXTargetDependency;
			target = 5CCAE0FA1B09B0FE009276B9 /* LeanCloudFeedback */;
			targetProxy = 5CCAE1081B09B0FE009276B9 /* PBXContainerItemProxy */;
		};
/* End PBXTargetDependency section */

/* Begin XCBuildConfiguration section */
		5CC504C81B0EFCBA004D0CB1 /* Debug */ = {
			isa = XCBuildConfiguration;
			buildSettings = {
				PRODUCT_NAME = "$(TARGET_NAME)";
			};
			name = Debug;
		};
		5CC504C91B0EFCBA004D0CB1 /* Release */ = {
			isa = XCBuildConfiguration;
			buildSettings = {
				PRODUCT_NAME = "$(TARGET_NAME)";
			};
			name = Release;
		};
		5CCAE10F1B09B0FE009276B9 /* Debug */ = {
			isa = XCBuildConfiguration;
			buildSettings = {
				ALWAYS_SEARCH_USER_PATHS = NO;
				CLANG_CXX_LANGUAGE_STANDARD = "gnu++0x";
				CLANG_CXX_LIBRARY = "libc++";
				CLANG_ENABLE_MODULES = YES;
				CLANG_ENABLE_OBJC_ARC = YES;
				CLANG_WARN_BOOL_CONVERSION = YES;
				CLANG_WARN_CONSTANT_CONVERSION = YES;
				CLANG_WARN_DIRECT_OBJC_ISA_USAGE = YES_ERROR;
				CLANG_WARN_EMPTY_BODY = YES;
				CLANG_WARN_ENUM_CONVERSION = YES;
				CLANG_WARN_INT_CONVERSION = YES;
				CLANG_WARN_OBJC_ROOT_CLASS = YES_ERROR;
				CLANG_WARN_UNREACHABLE_CODE = YES;
				CLANG_WARN__DUPLICATE_METHOD_MATCH = YES;
				"CODE_SIGN_IDENTITY[sdk=iphoneos*]" = "iPhone Developer";
				COPY_PHASE_STRIP = NO;
				CURRENT_PROJECT_VERSION = 1;
				DEBUG_INFORMATION_FORMAT = "dwarf-with-dsym";
				ENABLE_STRICT_OBJC_MSGSEND = YES;
				GCC_C_LANGUAGE_STANDARD = gnu99;
				GCC_DYNAMIC_NO_PIC = NO;
				GCC_NO_COMMON_BLOCKS = YES;
				GCC_OPTIMIZATION_LEVEL = 0;
				GCC_PREPROCESSOR_DEFINITIONS = (
					"DEBUG=1",
					"$(inherited)",
				);
				GCC_SYMBOLS_PRIVATE_EXTERN = NO;
				GCC_WARN_64_TO_32_BIT_CONVERSION = YES;
				GCC_WARN_ABOUT_RETURN_TYPE = YES_ERROR;
				GCC_WARN_UNDECLARED_SELECTOR = YES;
				GCC_WARN_UNINITIALIZED_AUTOS = YES_AGGRESSIVE;
				GCC_WARN_UNUSED_FUNCTION = YES;
				GCC_WARN_UNUSED_VARIABLE = YES;
				IPHONEOS_DEPLOYMENT_TARGET = 8.3;
				MTL_ENABLE_DEBUG_INFO = YES;
				ONLY_ACTIVE_ARCH = YES;
				SDKROOT = iphoneos;
				TARGETED_DEVICE_FAMILY = "1,2";
				VERSIONING_SYSTEM = "apple-generic";
				VERSION_INFO_PREFIX = "";
			};
			name = Debug;
		};
		5CCAE1101B09B0FE009276B9 /* Release */ = {
			isa = XCBuildConfiguration;
			buildSettings = {
				ALWAYS_SEARCH_USER_PATHS = NO;
				CLANG_CXX_LANGUAGE_STANDARD = "gnu++0x";
				CLANG_CXX_LIBRARY = "libc++";
				CLANG_ENABLE_MODULES = YES;
				CLANG_ENABLE_OBJC_ARC = YES;
				CLANG_WARN_BOOL_CONVERSION = YES;
				CLANG_WARN_CONSTANT_CONVERSION = YES;
				CLANG_WARN_DIRECT_OBJC_ISA_USAGE = YES_ERROR;
				CLANG_WARN_EMPTY_BODY = YES;
				CLANG_WARN_ENUM_CONVERSION = YES;
				CLANG_WARN_INT_CONVERSION = YES;
				CLANG_WARN_OBJC_ROOT_CLASS = YES_ERROR;
				CLANG_WARN_UNREACHABLE_CODE = YES;
				CLANG_WARN__DUPLICATE_METHOD_MATCH = YES;
				"CODE_SIGN_IDENTITY[sdk=iphoneos*]" = "iPhone Developer";
				COPY_PHASE_STRIP = NO;
				CURRENT_PROJECT_VERSION = 1;
				DEBUG_INFORMATION_FORMAT = "dwarf-with-dsym";
				ENABLE_NS_ASSERTIONS = NO;
				ENABLE_STRICT_OBJC_MSGSEND = YES;
				GCC_C_LANGUAGE_STANDARD = gnu99;
				GCC_NO_COMMON_BLOCKS = YES;
				GCC_WARN_64_TO_32_BIT_CONVERSION = YES;
				GCC_WARN_ABOUT_RETURN_TYPE = YES_ERROR;
				GCC_WARN_UNDECLARED_SELECTOR = YES;
				GCC_WARN_UNINITIALIZED_AUTOS = YES_AGGRESSIVE;
				GCC_WARN_UNUSED_FUNCTION = YES;
				GCC_WARN_UNUSED_VARIABLE = YES;
				IPHONEOS_DEPLOYMENT_TARGET = 8.3;
				MTL_ENABLE_DEBUG_INFO = NO;
				SDKROOT = iphoneos;
				TARGETED_DEVICE_FAMILY = "1,2";
				VALIDATE_PRODUCT = YES;
				VERSIONING_SYSTEM = "apple-generic";
				VERSION_INFO_PREFIX = "";
			};
			name = Release;
		};
		5CCAE1121B09B0FE009276B9 /* Debug */ = {
			isa = XCBuildConfiguration;
			buildSettings = {
				ALWAYS_SEARCH_USER_PATHS = YES;
				CODE_SIGN_IDENTITY = "iPhone Developer";
				DEFINES_MODULE = YES;
				DYLIB_COMPATIBILITY_VERSION = 1;
				DYLIB_CURRENT_VERSION = 1;
				DYLIB_INSTALL_NAME_BASE = "@rpath";
				FRAMEWORK_SEARCH_PATHS = (
					"$(inherited)",
					"$(PROJECT_DIR)",
				);
				INFOPLIST_FILE = LeanCloudFeedback/Info.plist;
				INSTALL_PATH = "$(LOCAL_LIBRARY_DIR)/Frameworks";
				LD_RUNPATH_SEARCH_PATHS = "$(inherited) @executable_path/Frameworks @loader_path/Frameworks";
				ONLY_ACTIVE_ARCH = NO;
				PRODUCT_NAME = "$(TARGET_NAME)";
				SKIP_INSTALL = YES;
			};
			name = Debug;
		};
		5CCAE1131B09B0FE009276B9 /* Release */ = {
			isa = XCBuildConfiguration;
			buildSettings = {
				ALWAYS_SEARCH_USER_PATHS = YES;
				CODE_SIGN_IDENTITY = "iPhone Developer";
				DEFINES_MODULE = YES;
				DYLIB_COMPATIBILITY_VERSION = 1;
				DYLIB_CURRENT_VERSION = 1;
				DYLIB_INSTALL_NAME_BASE = "@rpath";
				FRAMEWORK_SEARCH_PATHS = (
					"$(inherited)",
					"$(PROJECT_DIR)",
				);
				INFOPLIST_FILE = LeanCloudFeedback/Info.plist;
				INSTALL_PATH = "$(LOCAL_LIBRARY_DIR)/Frameworks";
				LD_RUNPATH_SEARCH_PATHS = "$(inherited) @executable_path/Frameworks @loader_path/Frameworks";
				ONLY_ACTIVE_ARCH = NO;
				PRODUCT_NAME = "$(TARGET_NAME)";
				SKIP_INSTALL = YES;
			};
			name = Release;
		};
		5CCAE1151B09B0FE009276B9 /* Debug */ = {
			isa = XCBuildConfiguration;
			buildSettings = {
				FRAMEWORK_SEARCH_PATHS = (
					"$(SDKROOT)/Developer/Library/Frameworks",
					"$(inherited)",
				);
				GCC_PREPROCESSOR_DEFINITIONS = (
					"DEBUG=1",
					"$(inherited)",
				);
				INFOPLIST_FILE = LeanCloudFeedbackTests/Info.plist;
				LD_RUNPATH_SEARCH_PATHS = "$(inherited) @executable_path/Frameworks @loader_path/Frameworks";
				PRODUCT_NAME = "$(TARGET_NAME)";
			};
			name = Debug;
		};
		5CCAE1161B09B0FE009276B9 /* Release */ = {
			isa = XCBuildConfiguration;
			buildSettings = {
				FRAMEWORK_SEARCH_PATHS = (
					"$(SDKROOT)/Developer/Library/Frameworks",
					"$(inherited)",
				);
				INFOPLIST_FILE = LeanCloudFeedbackTests/Info.plist;
				LD_RUNPATH_SEARCH_PATHS = "$(inherited) @executable_path/Frameworks @loader_path/Frameworks";
				PRODUCT_NAME = "$(TARGET_NAME)";
			};
			name = Release;
		};
/* End XCBuildConfiguration section */

/* Begin XCConfigurationList section */
		5CC504CA1B0EFCBA004D0CB1 /* Build configuration list for PBXAggregateTarget "UniversalFramework" */ = {
			isa = XCConfigurationList;
			buildConfigurations = (
				5CC504C81B0EFCBA004D0CB1 /* Debug */,
				5CC504C91B0EFCBA004D0CB1 /* Release */,
			);
			defaultConfigurationIsVisible = 0;
			defaultConfigurationName = Release;
		};
		5CCAE0F51B09B0FE009276B9 /* Build configuration list for PBXProject "LeanCloudFeedback" */ = {
			isa = XCConfigurationList;
			buildConfigurations = (
				5CCAE10F1B09B0FE009276B9 /* Debug */,
				5CCAE1101B09B0FE009276B9 /* Release */,
			);
			defaultConfigurationIsVisible = 0;
			defaultConfigurationName = Release;
		};
		5CCAE1111B09B0FE009276B9 /* Build configuration list for PBXNativeTarget "LeanCloudFeedback" */ = {
			isa = XCConfigurationList;
			buildConfigurations = (
				5CCAE1121B09B0FE009276B9 /* Debug */,
				5CCAE1131B09B0FE009276B9 /* Release */,
			);
			defaultConfigurationIsVisible = 0;
			defaultConfigurationName = Release;
		};
		5CCAE1141B09B0FE009276B9 /* Build configuration list for PBXNativeTarget "LeanCloudFeedbackTests" */ = {
			isa = XCConfigurationList;
			buildConfigurations = (
				5CCAE1151B09B0FE009276B9 /* Debug */,
				5CCAE1161B09B0FE009276B9 /* Release */,
			);
			defaultConfigurationIsVisible = 0;
			defaultConfigurationName = Release;
		};
/* End XCConfigurationList section */
	};
	rootObject = 5CCAE0F21B09B0FE009276B9 /* Project object */;
}
