PODS:
  - AVOSCloud (11.4.9)
  - LeanCloudFeedback (0.1.0):
    - AVOSCloud

DEPENDENCIES:
  - AVOSCloud (= 11.4.9)
  - LeanCloudFeedback (from `.`)

SPEC REPOS:
  https://github.com/cocoapods/specs.git:
    - AVOSCloud

EXTERNAL SOURCES:
  LeanCloudFeedback:
    :path: "."

SPEC CHECKSUMS:
  AVOSCloud: 1ad969db6e24c41ae1788d68698255d853883069
  LeanCloudFeedback: 011993aef4d90ad52279339f607a0850787493dc

PODFILE CHECKSUM: f5177a5d9caf9a505bdec765c494d12d0656351f

COCOAPODS: 1.6.0.beta.2
