PODS:
  - AVOSCloud (12.0.4)
  - LeanCloudFeedback (0.1.0):
    - AVOSCloud

DEPENDENCIES:
  - AVOSCloud
  - LeanCloudFeedback (from `.`)

SPEC REPOS:
  trunk:
    - AVOSCloud

EXTERNAL SOURCES:
  LeanCloudFeedback:
    :path: "."

SPEC CHECKSUMS:
  AVOSCloud: 6a3dd184e94a61caf3c8504e90172340a04798dd
  LeanCloudFeedback: 475a2cf99385a23cc7818116b81fb7c781b79ce0

PODFILE CHECKSUM: b0677fc747183471f9d653b377e73db854e607f5

COCOAPODS: 1.8.4
